// !$*UTF8*$!
{
	archiveVersion = 1;
	classes = {
	};
	objectVersion = 46;
	objects = {

/* Begin PBXBuildFile section */
		4CD1F5291C9B9DF900351437 /* MonthlyData.cpp in Sources */ = {isa = PBXBuildFile; fileRef = 4CD1F5281C9B9DF900351437 /* MonthlyData.cpp */; };
		4CD301951C9C70D2000FFFF4 /* makefile in Sources */ = {isa = PBXBuildFile; fileRef = 4CD301941C9C70D2000FFFF4 /* makefile */; };
		4CDF5A2A1C87E2F500AB5815 /* main.cpp in Sources */ = {isa = PBXBuildFile; fileRef = 4CDF5A291C87E2F500AB5815 /* main.cpp */; };
/* End PBXBuildFile section */

/* Begin PBXCopyFilesBuildPhase section */
		4CDF5A241C87E2F500AB5815 /* CopyFiles */ = {
			isa = PBXCopyFilesBuildPhase;
			buildActionMask = 2147483647;
			dstPath = /usr/share/man/man1/;
			dstSubfolderSpec = 0;
			files = (
			);
			runOnlyForDeploymentPostprocessing = 1;
		};
/* End PBXCopyFilesBuildPhase section */

/* Begin PBXFileReference section */
		4CD1F5271C9B9DE700351437 /* MonthlyData.h */ = {isa = PBXFileReference; fileEncoding = 4; lastKnownFileType = sourcecode.c.h; path = MonthlyData.h; sourceTree = "<group>"; xcLanguageSpecificationIdentifier = xcode.lang.cpp; };
		4CD1F5281C9B9DF900351437 /* MonthlyData.cpp */ = {isa = PBXFileReference; fileEncoding = 4; lastKnownFileType = sourcecode.cpp.cpp; path = MonthlyData.cpp; sourceTree = "<group>"; };
		4CD301941C9C70D2000FFFF4 /* makefile */ = {isa = PBXFileReference; fileEncoding = 4; lastKnownFileType = sourcecode.make; name = makefile; path = ReturnCalculator/makefile; sourceTree = "<group>"; };
		4CD301961C9C89ED000FFFF4 /* result.csv */ = {isa = PBXFileReference; fileEncoding = 4; lastKnownFileType = text; name = result.csv; path = ReturnCalculator/result.csv; sourceTree = "<group>"; };
		4CD301971C9C89ED000FFFF4 /* SP50_test.csv */ = {isa = PBXFileReference; fileEncoding = 4; lastKnownFileType = text; name = SP50_test.csv; path = ReturnCalculator/SP50_test.csv; sourceTree = "<group>"; };
		4CDF5A261C87E2F500AB5815 /* ReturnCalculator */ = {isa = PBXFileReference; explicitFileType = "compiled.mach-o.executable"; includeInIndex = 0; path = ReturnCalculator; sourceTree = BUILT_PRODUCTS_DIR; };
		4CDF5A291C87E2F500AB5815 /* main.cpp */ = {isa = PBXFileReference; lastKnownFileType = sourcecode.cpp.cpp; path = main.cpp; sourceTree = "<group>"; };
/* End PBXFileReference section */

/* Begin PBXFrameworksBuildPhase section */
		4CDF5A231C87E2F500AB5815 /* Frameworks */ = {
			isa = PBXFrameworksBuildPhase;
			buildActionMask = 2147483647;
			files = (
			);
			runOnlyForDeploymentPostprocessing = 0;
		};
/* End PBXFrameworksBuildPhase section */

/* Begin PBXGroup section */
		4CDF5A1D1C87E2F500AB5815 = {
			isa = PBXGroup;
			children = (
				4CD301961C9C89ED000FFFF4 /* result.csv */,
				4CD301971C9C89ED000FFFF4 /* SP50_test.csv */,
				4CD301941C9C70D2000FFFF4 /* makefile */,
				4CDF5A281C87E2F500AB5815 /* ReturnCalculator */,
				4CDF5A271C87E2F500AB5815 /* Products */,
			);
			sourceTree = "<group>";
		};
		4CDF5A271C87E2F500AB5815 /* Products */ = {
			isa = PBXGroup;
			children = (
				4CDF5A261C87E2F500AB5815 /* ReturnCalculator */,
			);
			name = Products;
			sourceTree = "<group>";
		};
		4CDF5A281C87E2F500AB5815 /* ReturnCalculator */ = {
			isa = PBXGroup;
			children = (
				4CDF5A291C87E2F500AB5815 /* main.cpp */,
				4CD1F5271C9B9DE700351437 /* MonthlyData.h */,
				4CD1F5281C9B9DF900351437 /* MonthlyData.cpp */,
			);
			path = ReturnCalculator;
			sourceTree = "<group>";
		};
/* End PBXGroup section */

/* Begin PBXNativeTarget section */
		4CDF5A251C87E2F500AB5815 /* ReturnCalculator */ = {
			isa = PBXNativeTarget;
			buildConfigurationList = 4CDF5A2D1C87E2F500AB5815 /* Build configuration list for PBXNativeTarget "ReturnCalculator" */;
			buildPhases = (
				4CDF5A221C87E2F500AB5815 /* Sources */,
				4CDF5A231C87E2F500AB5815 /* Frameworks */,
				4CDF5A241C87E2F500AB5815 /* CopyFiles */,
			);
			buildRules = (
			);
			dependencies = (
			);
			name = ReturnCalculator;
			productName = ReturnCalculator;
			productReference = 4CDF5A261C87E2F500AB5815 /* ReturnCalculator */;
			productType = "com.apple.product-type.tool";
		};
/* End PBXNativeTarget section */

/* Begin PBXProject section */
		4CDF5A1E1C87E2F500AB5815 /* Project object */ = {
			isa = PBXProject;
			attributes = {
				LastUpgradeCheck = 0720;
				ORGANIZATIONNAME = "Shangqi Wu";
				TargetAttributes = {
					4CDF5A251C87E2F500AB5815 = {
						CreatedOnToolsVersion = 7.2.1;
					};
				};
			};
			buildConfigurationList = 4CDF5A211C87E2F500AB5815 /* Build configuration list for PBXProject "ReturnCalculator" */;
			compatibilityVersion = "Xcode 3.2";
			developmentRegion = English;
			hasScannedForEncodings = 0;
			knownRegions = (
				en,
			);
			mainGroup = 4CDF5A1D1C87E2F500AB5815;
			productRefGroup = 4CDF5A271C87E2F500AB5815 /* Products */;
			projectDirPath = "";
			projectRoot = "";
			targets = (
				4CDF5A251C87E2F500AB5815 /* ReturnCalculator */,
			);
		};
/* End PBXProject section */

/* Begin PBXSourcesBuildPhase section */
		4CDF5A221C87E2F500AB5815 /* Sources */ = {
			isa = PBXSourcesBuildPhase;
			buildActionMask = 2147483647;
			files = (
				4CDF5A2A1C87E2F500AB5815 /* main.cpp in Sources */,
				4CD1F5291C9B9DF900351437 /* MonthlyData.cpp in Sources */,
				4CD301951C9C70D2000FFFF4 /* makefile in Sources */,
			);
			runOnlyForDeploymentPostprocessing = 0;
		};
/* End PBXSourcesBuildPhase section */

/* Begin XCBuildConfiguration section */
		4CDF5A2B1C87E2F500AB5815 /* Debug */ = {
			isa = XCBuildConfiguration;
			buildSettings = {
				ALWAYS_SEARCH_USER_PATHS = NO;
				CLANG_CXX_LANGUAGE_STANDARD = "gnu++0x";
				CLANG_CXX_LIBRARY = "libc++";
				CLANG_ENABLE_MODULES = YES;
				CLANG_ENABLE_OBJC_ARC = YES;
				CLANG_WARN_BOOL_CONVERSION = YES;
				CLANG_WARN_CONSTANT_CONVERSION = YES;
				CLANG_WARN_DIRECT_OBJC_ISA_USAGE = YES_ERROR;
				CLANG_WARN_EMPTY_BODY = YES;
				CLANG_WARN_ENUM_CONVERSION = YES;
				CLANG_WARN_INT_CONVERSION = YES;
				CLANG_WARN_OBJC_ROOT_CLASS = YES_ERROR;
				CLANG_WARN_UNREACHABLE_CODE = YES;
				CLANG_WARN__DUPLICATE_METHOD_MATCH = YES;
				CODE_SIGN_IDENTITY = "-";
				COPY_PHASE_STRIP = NO;
				DEBUG_INFORMATION_FORMAT = dwarf;
				ENABLE_STRICT_OBJC_MSGSEND = YES;
				ENABLE_TESTABILITY = YES;
				GCC_C_LANGUAGE_STANDARD = gnu99;
				GCC_DYNAMIC_NO_PIC = NO;
				GCC_NO_COMMON_BLOCKS = YES;
				GCC_OPTIMIZATION_LEVEL = 0;
				GCC_PREPROCESSOR_DEFINITIONS = (
					"DEBUG=1",
					"$(inherited)",
				);
				GCC_WARN_64_TO_32_BIT_CONVERSION = YES;
				GCC_WARN_ABOUT_RETURN_TYPE = YES_ERROR;
				GCC_WARN_UNDECLARED_SELECTOR = YES;
				GCC_WARN_UNINITIALIZED_AUTOS = YES_AGGRESSIVE;
				GCC_WARN_UNUSED_FUNCTION = YES;
				GCC_WARN_UNUSED_VARIABLE = YES;
				MACOSX_DEPLOYMENT_TARGET = 10.11;
				MTL_ENABLE_DEBUG_INFO = YES;
				ONLY_ACTIVE_ARCH = YES;
				SDKROOT = macosx;
			};
			name = Debug;
		};
		4CDF5A2C1C87E2F500AB5815 /* Release */ = {
			isa = XCBuildConfiguration;
			buildSettings = {
				ALWAYS_SEARCH_USER_PATHS = NO;
				CLANG_CXX_LANGUAGE_STANDARD = "gnu++0x";
				CLANG_CXX_LIBRARY = "libc++";
				CLANG_ENABLE_MODULES = YES;
				CLANG_ENABLE_OBJC_ARC = YES;
				CLANG_WARN_BOOL_CONVERSION = YES;
				CLANG_WARN_CONSTANT_CONVERSION = YES;
				CLANG_WARN_DIRECT_OBJC_ISA_USAGE = YES_ERROR;
				CLANG_WARN_EMPTY_BODY = YES;
				CLANG_WARN_ENUM_CONVERSION = YES;
				CLANG_WARN_INT_CONVERSION = YES;
				CLANG_WARN_OBJC_ROOT_CLASS = YES_ERROR;
				CLANG_WARN_UNREACHABLE_CODE = YES;
				CLANG_WARN__DUPLICATE_METHOD_MATCH = YES;
				CODE_SIGN_IDENTITY = "-";
				COPY_PHASE_STRIP = NO;
				DEBUG_INFORMATION_FORMAT = "dwarf-with-dsym";
				ENABLE_NS_ASSERTIONS = NO;
				ENABLE_STRICT_OBJC_MSGSEND = YES;
				GCC_C_LANGUAGE_STANDARD = gnu99;
				GCC_NO_COMMON_BLOCKS = YES;
				GCC_WARN_64_TO_32_BIT_CONVERSION = YES;
				GCC_WARN_ABOUT_RETURN_TYPE = YES_ERROR;
				GCC_WARN_UNDECLARED_SELECTOR = YES;
				GCC_WARN_UNINITIALIZED_AUTOS = YES_AGGRESSIVE;
				GCC_WARN_UNUSED_FUNCTION = YES;
				GCC_WARN_UNUSED_VARIABLE = YES;
				MACOSX_DEPLOYMENT_TARGET = 10.11;
				MTL_ENABLE_DEBUG_INFO = NO;
				SDKROOT = macosx;
			};
			name = Release;
		};
		4CDF5A2E1C87E2F500AB5815 /* Debug */ = {
			isa = XCBuildConfiguration;
			buildSettings = {
				PRODUCT_NAME = "$(TARGET_NAME)";
			};
			name = Debug;
		};
		4CDF5A2F1C87E2F500AB5815 /* Release */ = {
			isa = XCBuildConfiguration;
			buildSettings = {
				PRODUCT_NAME = "$(TARGET_NAME)";
			};
			name = Release;
		};
/* End XCBuildConfiguration section */

/* Begin XCConfigurationList section */
		4CDF5A211C87E2F500AB5815 /* Build configuration list for PBXProject "ReturnCalculator" */ = {
			isa = XCConfigurationList;
			buildConfigurations = (
				4CDF5A2B1C87E2F500AB5815 /* Debug */,
				4CDF5A2C1C87E2F500AB5815 /* Release */,
			);
			defaultConfigurationIsVisible = 0;
			defaultConfigurationName = Release;
		};
		4CDF5A2D1C87E2F500AB5815 /* Build configuration list for PBXNativeTarget "ReturnCalculator" */ = {
			isa = XCConfigurationList;
			buildConfigurations = (
				4CDF5A2E1C87E2F500AB5815 /* Debug */,
				4CDF5A2F1C87E2F500AB5815 /* Release */,
			);
			defaultConfigurationIsVisible = 0;
			defaultConfigurationName = Release;
		};
/* End XCConfigurationList section */
	};
	rootObject = 4CDF5A1E1C87E2F500AB5815 /* Project object */;
}
